
Microsoft Visual Studio Solution File, Format Version 12.00
# Visual Studio Version 16
VisualStudioVersion = 16.0.31321.278
MinimumVisualStudioVersion = 10.0.40219.1
Project("{FAE04EC0-301F-11D3-BF4B-00C04F79EFBC}") = "ColorControl", "ColorControl\ColorControl.csproj", "{5D5A2054-35C7-4E98-BAEB-48854B888216}"
EndProject
Project("{FAE04EC0-301F-11D3-BF4B-00C04F79EFBC}") = "DesktopDuplication", "DesktopDuplication\DesktopDuplication.csproj", "{964D28B5-D2DB-4881-8B1F-0D474F6810C3}"
EndProject
Global
	GlobalSection(SolutionConfigurationPlatforms) = preSolution
		Debug|Any CPU = Debug|Any CPU
		Release|Any CPU = Release|Any CPU
	EndGlobalSection
	GlobalSection(ProjectConfigurationPlatforms) = postSolution
		{5D5A2054-35C7-4E98-BAEB-48854B888216}.Debug|Any CPU.ActiveCfg = Debug|Any CPU
		{5D5A2054-35C7-4E98-BAEB-48854B888216}.Debug|Any CPU.Build.0 = Debug|Any CPU
		{5D5A2054-35C7-4E98-BAEB-48854B888216}.Release|Any CPU.ActiveCfg = Release|Any CPU
		{5D5A2054-35C7-4E98-BAEB-48854B888216}.Release|Any CPU.Build.0 = Release|Any CPU
		{964D28B5-D2DB-4881-8B1F-0D474F6810C3}.Debug|Any CPU.ActiveCfg = Debug|Any CPU
		{964D28B5-D2DB-4881-8B1F-0D474F6810C3}.Debug|Any CPU.Build.0 = Debug|Any CPU
		{964D28B5-D2DB-4881-8B1F-0D474F6810C3}.Release|Any CPU.ActiveCfg = Release|Any CPU
		{964D28B5-D2DB-4881-8B1F-0D474F6810C3}.Release|Any CPU.Build.0 = Release|Any CPU
	EndGlobalSection
	GlobalSection(SolutionProperties) = preSolution
		HideSolutionNode = FALSE
	EndGlobalSection
	GlobalSection(ExtensibilityGlobals) = postSolution
		SolutionGuid = {66F3249A-1543-4449-8640-F9769BF2B120}
	EndGlobalSection
EndGlobal
